lockfileVersion: '9.0'

settings:
  autoInstallPeers: true
  excludeLinksFromLockfile: false

importers:

  .:
    devDependencies:
      lefthook:
        specifier: 1.7.9
        version: 1.7.9

packages:

  lefthook-darwin-arm64@1.7.9:
    resolution: {integrity: sha512-WF1ELaKKpU3qkoHAklg7/mI4fkd4hiGRV1DngLU+vz0BoD89nRlp60tJsSPq+/O35raXy41wLE3cGVmgbTHeOw==}
    cpu: [arm64]
    os: [darwin]

  lefthook-darwin-x64@1.7.9:
    resolution: {integrity: sha512-yNKmuSmbRXHuL9NCjuKO9wAsDxlP8ELXV6aFEFbuf12Rk5nJjp+e5VuKRkYlYA9uqLnIsZR79c2+/i+PgtmyNg==}
    cpu: [x64]
    os: [darwin]

  lefthook-freebsd-arm64@1.7.9:
    resolution: {integrity: sha512-+ZF7jIG2hRJbd36TbPkpHyxjR0e6cvo66WsUYBJy6DJPK3EJpkdsGiMrvMSbSYLfgzfhR6nOXBr5vOpL2lfBFw==}
    cpu: [arm64]
    os: [freebsd]

  lefthook-freebsd-x64@1.7.9:
    resolution: {integrity: sha512-LhSLdkf0HRhfuVsJP24oizfB94noCyyNLUOd35ZVd4KpAbFU/71OBBKqosig4QO4kyyRDWNK20tTbzCb1XKQxA==}
    cpu: [x64]
    os: [freebsd]

  lefthook-linux-arm64@1.7.9:
    resolution: {integrity: sha512-Bt7DAFU2/2ws3/i95tKOffRM0yau2jsa4ksCskq8igmEBQ6iTvsK8ZUowtXaAavXYKh0EZb3uQ63iFz+NKypmQ==}
    cpu: [arm64]
    os: [linux]

  lefthook-linux-x64@1.7.9:
    resolution: {integrity: sha512-xe4X4KBf48Nzypdg1EX2s2xqytbguIZC7eYXZPer1YUggVDbRMrdVBK7J0OAEqA4RbvE82pDjrKSopnlYlMYhw==}
    cpu: [x64]
    os: [linux]

  lefthook-windows-arm64@1.7.9:
    resolution: {integrity: sha512-PQdBx8Pj7IEda1ipRULw0V4tzMe38VcbxVSUICxvHsG0levkfGA0GgjuftEryx4qDhVRE7VUzKuC9Qn1SSMuFw==}
    cpu: [arm64]
    os: [win32]

  lefthook-windows-x64@1.7.9:
    resolution: {integrity: sha512-lUMYgP9SUYrfoBGCfWNj7k9n8Nhwi83rAP0eLUvaHZFW7J/wCM4Pv9K85OkRMb7ToFRJIQ0zdD6Vdb6AZpeMVA==}
    cpu: [x64]
    os: [win32]

  lefthook@1.7.9:
    resolution: {integrity: sha512-/C8By2tUk/fHgLd1iH1elSPsYO75/hdNhyJvvQzLNtZ2IH7x3mC5a1pf1Zijpj+QD2vhRyz5W5sr9DShKvEagA==}
    hasBin: true

snapshots:

  lefthook-darwin-arm64@1.7.9:
    optional: true

  lefthook-darwin-x64@1.7.9:
    optional: true

  lefthook-freebsd-arm64@1.7.9:
    optional: true

  lefthook-freebsd-x64@1.7.9:
    optional: true

  lefthook-linux-arm64@1.7.9:
    optional: true

  lefthook-linux-x64@1.7.9:
    optional: true

  lefthook-windows-arm64@1.7.9:
    optional: true

  lefthook-windows-x64@1.7.9:
    optional: true

  lefthook@1.7.9:
    optionalDependencies:
      lefthook-darwin-arm64: 1.7.9
      lefthook-darwin-x64: 1.7.9
      lefthook-freebsd-arm64: 1.7.9
      lefthook-freebsd-x64: 1.7.9
      lefthook-linux-arm64: 1.7.9
      lefthook-linux-x64: 1.7.9
      lefthook-windows-arm64: 1.7.9
      lefthook-windows-x64: 1.7.9
